// !$*UTF8*$!
{
	archiveVersion = 1;
	classes = {
	};
	objectVersion = 77;
	objects = {

/* Begin PBXBuildFile section */
		C147B3032F57BEDA00BDB830 /* SwiftCheck in Frameworks */ = {isa = PBXBuildFile; productRef = C147B3022F57BEDA00BDB830 /* SwiftCheck */; };
		C1567AB12F3E94740047BDE7 /* Supabase in Frameworks */ = {isa = PBXBuildFile; productRef = C1567AB02F3E94740047BDE7 /* Supabase */; };
/* End PBXBuildFile section */

/* Begin PBXContainerItemProxy section */
		C12D747B2F3C319300DA997F /* PBXContainerItemProxy */ = {
			isa = PBXContainerItemProxy;
			containerPortal = C12D74652F3C319200DA997F /* Project object */;
			proxyType = 1;
			remoteGlobalIDString = C12D746C2F3C319200DA997F;
			remoteInfo = MonitoringApp;
		};
		C12D74852F3C319300DA997F /* PBXContainerItemProxy */ = {
			isa = PBXContainerItemProxy;
			containerPortal = C12D74652F3C319200DA997F /* Project object */;
			proxyType = 1;
			remoteGlobalIDString = C12D746C2F3C319200DA997F;
			remoteInfo = MonitoringApp;
		};
/* End PBXContainerItemProxy section */

/* Begin PBXFileReference section */
		C12D746D2F3C319200DA997F /* MonitoringApp.app */ = {isa = PBXFileReference; explicitFileType = wrapper.application; includeInIndex = 0; path = MonitoringApp.app; sourceTree = BUILT_PRODUCTS_DIR; };
		C12D747A2F3C319300DA997F /* MonitoringAppTests.xctest */ = {isa = PBXFileReference; explicitFileType = wrapper.cfbundle; includeInIndex = 0; path = MonitoringAppTests.xctest; sourceTree = BUILT_PRODUCTS_DIR; };
		C12D74842F3C319300DA997F /* MonitoringAppUITests.xctest */ = {isa = PBXFileReference; explicitFileType = wrapper.cfbundle; includeInIndex = 0; path = MonitoringAppUITests.xctest; sourceTree = BUILT_PRODUCTS_DIR; };
/* End PBXFileReference section */

/* Begin PBXFileSystemSynchronizedBuildFileExceptionSet section */
		C12D74F02F3C34D300DA997F /* Exceptions for "MonitoringApp" folder in "MonitoringApp" target */ = {
			isa = PBXFileSystemSynchronizedBuildFileExceptionSet;
			membershipExceptions = (
				Info.plist,
			);
			target = C12D746C2F3C319200DA997F /* MonitoringApp */;
		};
/* End PBXFileSystemSynchronizedBuildFileExceptionSet section */

/* Begin PBXFileSystemSynchronizedRootGroup section */
		C12D746F2F3C319200DA997F /* MonitoringApp */ = {
			isa = PBXFileSystemSynchronizedRootGroup;
			exceptions = (
				C12D74F02F3C34D300DA997F /* Exceptions for "MonitoringApp" folder in "MonitoringApp" target */,
			);
			path = MonitoringApp;
			sourceTree = "<group>";
		};
		C12D747D2F3C319300DA997F /* MonitoringAppTests */ = {
			isa = PBXFileSystemSynchronizedRootGroup;
			path = MonitoringAppTests;
			sourceTree = "<group>";
		};
		C12D74872F3C319300DA997F /* MonitoringAppUITests */ = {
			isa = PBXFileSystemSynchronizedRootGroup;
			path = MonitoringAppUITests;
			sourceTree = "<group>";
		};
/* End PBXFileSystemSynchronizedRootGroup section */

/* Begin PBXFrameworksBuildPhase section */
		C12D746A2F3C319200DA997F /* Frameworks */ = {
			isa = PBXFrameworksBuildPhase;
			buildActionMask = 2147483647;
			files = (
				C1567AB12F3E94740047BDE7 /* Supabase in Frameworks */,
			);
			runOnlyForDeploymentPostprocessing = 0;
		};
		C12D74772F3C319300DA997F /* Frameworks */ = {
			isa = PBXFrameworksBuildPhase;
			buildActionMask = 2147483647;
			files = (
				C147B3032F57BEDA00BDB830 /* SwiftCheck in Frameworks */,
			);
			runOnlyForDeploymentPostprocessing = 0;
		};
		C12D74812F3C319300DA997F /* Frameworks */ = {
			isa = PBXFrameworksBuildPhase;
			buildActionMask = 2147483647;
			files = (
			);
			runOnlyForDeploymentPostprocessing = 0;
		};
/* End PBXFrameworksBuildPhase section */

/* Begin PBXGroup section */
		C12D74642F3C319200DA997F = {
			isa = PBXGroup;
			children = (
				C12D746F2F3C319200DA997F /* MonitoringApp */,
				C12D747D2F3C319300DA997F /* MonitoringAppTests */,
				C12D74872F3C319300DA997F /* MonitoringAppUITests */,
				C12D746E2F3C319200DA997F /* Products */,
			);
			sourceTree = "<group>";
		};
		C12D746E2F3C319200DA997F /* Products */ = {
			isa = PBXGroup;
			children = (
				C12D746D2F3C319200DA997F /* MonitoringApp.app */,
				C12D747A2F3C319300DA997F /* MonitoringAppTests.xctest */,
				C12D74842F3C319300DA997F /* MonitoringAppUITests.xctest */,
			);
			name = Products;
			sourceTree = "<group>";
		};
/* End PBXGroup section */

/* Begin PBXNativeTarget section */
		C12D746C2F3C319200DA997F /* MonitoringApp */ = {
			isa = PBXNativeTarget;
			buildConfigurationList = C12D748E2F3C319300DA997F /* Build configuration list for PBXNativeTarget "MonitoringApp" */;
			buildPhases = (
				C12D74692F3C319200DA997F /* Sources */,
				C12D746A2F3C319200DA997F /* Frameworks */,
				C12D746B2F3C319200DA997F /* Resources */,
			);
			buildRules = (
			);
			dependencies = (
			);
			fileSystemSynchronizedGroups = (
				C12D746F2F3C319200DA997F /* MonitoringApp */,
			);
			name = MonitoringApp;
			packageProductDependencies = (
				C1567AB02F3E94740047BDE7 /* Supabase */,
			);
			productName = MonitoringApp;
			productReference = C12D746D2F3C319200DA997F /* MonitoringApp.app */;
			productType = "com.apple.product-type.application";
		};
		C12D74792F3C319300DA997F /* MonitoringAppTests */ = {
			isa = PBXNativeTarget;
			buildConfigurationList = C12D74912F3C319300DA997F /* Build configuration list for PBXNativeTarget "MonitoringAppTests" */;
			buildPhases = (
				C12D74762F3C319300DA997F /* Sources */,
				C12D74772F3C319300DA997F /* Frameworks */,
				C12D74782F3C319300DA997F /* Resources */,
			);
			buildRules = (
			);
			dependencies = (
				C12D747C2F3C319300DA997F /* PBXTargetDependency */,
			);
			fileSystemSynchronizedGroups = (
				C12D747D2F3C319300DA997F /* MonitoringAppTests */,
			);
			name = MonitoringAppTests;
			packageProductDependencies = (
				C147B3022F57BEDA00BDB830 /* SwiftCheck */,
			);
			productName = MonitoringAppTests;
			productReference = C12D747A2F3C319300DA997F /* MonitoringAppTests.xctest */;
			productType = "com.apple.product-type.bundle.unit-test";
		};
		C12D74832F3C319300DA997F /* MonitoringAppUITests */ = {
			isa = PBXNativeTarget;
			buildConfigurationList = C12D74942F3C319300DA997F /* Build configuration list for PBXNativeTarget "MonitoringAppUITests" */;
			buildPhases = (
				C12D74802F3C319300DA997F /* Sources */,
				C12D74812F3C319300DA997F /* Frameworks */,
				C12D74822F3C319300DA997F /* Resources */,
			);
			buildRules = (
			);
			dependencies = (
				C12D74862F3C319300DA997F /* PBXTargetDependency */,
			);
			fileSystemSynchronizedGroups = (
				C12D74872F3C319300DA997F /* MonitoringAppUITests */,
			);
			name = MonitoringAppUITests;
			packageProductDependencies = (
			);
			productName = MonitoringAppUITests;
			productReference = C12D74842F3C319300DA997F /* MonitoringAppUITests.xctest */;
			productType = "com.apple.product-type.bundle.ui-testing";
		};
/* End PBXNativeTarget section */

/* Begin PBXProject section */
		C12D74652F3C319200DA997F /* Project object */ = {
			isa = PBXProject;
			attributes = {
				BuildIndependentTargetsInParallel = 1;
				LastSwiftUpdateCheck = 2620;
				LastUpgradeCheck = 2620;
				TargetAttributes = {
					C12D746C2F3C319200DA997F = {
						CreatedOnToolsVersion = 26.2;
					};
					C12D74792F3C319300DA997F = {
						CreatedOnToolsVersion = 26.2;
						TestTargetID = C12D746C2F3C319200DA997F;
					};
					C12D74832F3C319300DA997F = {
						CreatedOnToolsVersion = 26.2;
						TestTargetID = C12D746C2F3C319200DA997F;
					};
				};
			};
			buildConfigurationList = C12D74682F3C319200DA997F /* Build configuration list for PBXProject "MonitoringApp" */;
			developmentRegion = en;
			hasScannedForEncodings = 0;
			knownRegions = (
				en,
				Base,
			);
			mainGroup = C12D74642F3C319200DA997F;
			minimizedProjectReferenceProxies = 1;
			packageReferences = (
				C1567AAF2F3E94740047BDE7 /* XCRemoteSwiftPackageReference "supabase-swift" */,
				C147B3012F57BEDA00BDB830 /* XCRemoteSwiftPackageReference "SwiftCheck" */,
			);
			preferredProjectObjectVersion = 77;
			productRefGroup = C12D746E2F3C319200DA997F /* Products */;
			projectDirPath = "";
			projectRoot = "";
			targets = (
				C12D746C2F3C319200DA997F /* MonitoringApp */,
				C12D74792F3C319300DA997F /* MonitoringAppTests */,
				C12D74832F3C319300DA997F /* MonitoringAppUITests */,
			);
		};
/* End PBXProject section */

/* Begin PBXResourcesBuildPhase section */
		C12D746B2F3C319200DA997F /* Resources */ = {
			isa = PBXResourcesBuildPhase;
			buildActionMask = 2147483647;
			files = (
			);
			runOnlyForDeploymentPostprocessing = 0;
		};
		C12D74782F3C319300DA997F /* Resources */ = {
			isa = PBXResourcesBuildPhase;
			buildActionMask = 2147483647;
			files = (
			);
			runOnlyForDeploymentPostprocessing = 0;
		};
		C12D74822F3C319300DA997F /* Resources */ = {
			isa = PBXResourcesBuildPhase;
			buildActionMask = 2147483647;
			files = (
			);
			runOnlyForDeploymentPostprocessing = 0;
		};
/* End PBXResourcesBuildPhase section */

/* Begin PBXSourcesBuildPhase section */
		C12D74692F3C319200DA997F /* Sources */ = {
			isa = PBXSourcesBuildPhase;
			buildActionMask = 2147483647;
			files = (
			);
			runOnlyForDeploymentPostprocessing = 0;
		};
		C12D74762F3C319300DA997F /* Sources */ = {
			isa = PBXSourcesBuildPhase;
			buildActionMask = 2147483647;
			files = (
			);
			runOnlyForDeploymentPostprocessing = 0;
		};
		C12D74802F3C319300DA997F /* Sources */ = {
			isa = PBXSourcesBuildPhase;
			buildActionMask = 2147483647;
			files = (
			);
			runOnlyForDeploymentPostprocessing = 0;
		};
/* End PBXSourcesBuildPhase section */

/* Begin PBXTargetDependency section */
		C12D747C2F3C319300DA997F /* PBXTargetDependency */ = {
			isa = PBXTargetDependency;
			target = C12D746C2F3C319200DA997F /* MonitoringApp */;
			targetProxy = C12D747B2F3C319300DA997F /* PBXContainerItemProxy */;
		};
		C12D74862F3C319300DA997F /* PBXTargetDependency */ = {
			isa = PBXTargetDependency;
			target = C12D746C2F3C319200DA997F /* MonitoringApp */;
			targetProxy = C12D74852F3C319300DA997F /* PBXContainerItemProxy */;
		};
/* End PBXTargetDependency section */

/* Begin XCBuildConfiguration section */
		C12D748C2F3C319300DA997F /* Debug */ = {
			isa = XCBuildConfiguration;
			buildSettings = {
				ALWAYS_SEARCH_USER_PATHS = NO;
				ASSETCATALOG_COMPILER_GENERATE_SWIFT_ASSET_SYMBOL_EXTENSIONS = YES;
				CLANG_ANALYZER_NONNULL = YES;
				CLANG_ANALYZER_NUMBER_OBJECT_CONVERSION = YES_AGGRESSIVE;
				CLANG_CXX_LANGUAGE_STANDARD = "gnu++20";
				CLANG_ENABLE_MODULES = YES;
				CLANG_ENABLE_OBJC_ARC = YES;
				CLANG_ENABLE_OBJC_WEAK = YES;
				CLANG_WARN_BLOCK_CAPTURE_AUTORELEASING = YES;
				CLANG_WARN_BOOL_CONVERSION = YES;
				CLANG_WARN_COMMA = YES;
				CLANG_WARN_CONSTANT_CONVERSION = YES;
				CLANG_WARN_DEPRECATED_OBJC_IMPLEMENTATIONS = YES;
				CLANG_WARN_DIRECT_OBJC_ISA_USAGE = YES_ERROR;
				CLANG_WARN_DOCUMENTATION_COMMENTS = YES;
				CLANG_WARN_EMPTY_BODY = YES;
				CLANG_WARN_ENUM_CONVERSION = YES;
				CLANG_WARN_INFINITE_RECURSION = YES;
				CLANG_WARN_INT_CONVERSION = YES;
				CLANG_WARN_NON_LITERAL_NULL_CONVERSION = YES;
				CLANG_WARN_OBJC_IMPLICIT_RETAIN_SELF = YES;
				CLANG_WARN_OBJC_LITERAL_CONVERSION = YES;
				CLANG_WARN_OBJC_ROOT_CLASS = YES_ERROR;
				CLANG_WARN_QUOTED_INCLUDE_IN_FRAMEWORK_HEADER = YES;
				CLANG_WARN_RANGE_LOOP_ANALYSIS = YES;
				CLANG_WARN_STRICT_PROTOTYPES = YES;
				CLANG_WARN_SUSPICIOUS_MOVE = YES;
				CLANG_WARN_UNGUARDED_AVAILABILITY = YES_AGGRESSIVE;
				CLANG_WARN_UNREACHABLE_CODE = YES;
				CLANG_WARN__DUPLICATE_METHOD_MATCH = YES;
				COPY_PHASE_STRIP = NO;
				DEBUG_INFORMATION_FORMAT = dwarf;
				ENABLE_STRICT_OBJC_MSGSEND = YES;
				ENABLE_TESTABILITY = YES;
				ENABLE_USER_SCRIPT_SANDBOXING = YES;
				GCC_C_LANGUAGE_STANDARD = gnu17;
				GCC_DYNAMIC_NO_PIC = NO;
				GCC_NO_COMMON_BLOCKS = YES;
				GCC_OPTIMIZATION_LEVEL = 0;
				GCC_PREPROCESSOR_DEFINITIONS = (
					"DEBUG=1",
					"$(inherited)",
				);
				GCC_WARN_64_TO_32_BIT_CONVERSION = YES;
				GCC_WARN_ABOUT_RETURN_TYPE = YES_ERROR;
				GCC_WARN_UNDECLARED_SELECTOR = YES;
				GCC_WARN_UNINITIALIZED_AUTOS = YES_AGGRESSIVE;
				GCC_WARN_UNUSED_FUNCTION = YES;
				GCC_WARN_UNUSED_VARIABLE = YES;
				IPHONEOS_DEPLOYMENT_TARGET = 26.2;
				LOCALIZATION_PREFERS_STRING_CATALOGS = YES;
				MTL_ENABLE_DEBUG_INFO = INCLUDE_SOURCE;
				MTL_FAST_MATH = YES;
				ONLY_ACTIVE_ARCH = YES;
				SDKROOT = iphoneos;
				SWIFT_ACTIVE_COMPILATION_CONDITIONS = "DEBUG $(inherited)";
				SWIFT_OPTIMIZATION_LEVEL = "-Onone";
			};
			name = Debug;
		};
		C12D748D2F3C319300DA997F /* Release */ = {
			isa = XCBuildConfiguration;
			buildSettings = {
				ALWAYS_SEARCH_USER_PATHS = NO;
				ASSETCATALOG_COMPILER_GENERATE_SWIFT_ASSET_SYMBOL_EXTENSIONS = YES;
				CLANG_ANALYZER_NONNULL = YES;
				CLANG_ANALYZER_NUMBER_OBJECT_CONVERSION = YES_AGGRESSIVE;
				CLANG_CXX_LANGUAGE_STANDARD = "gnu++20";
				CLANG_ENABLE_MODULES = YES;
				CLANG_ENABLE_OBJC_ARC = YES;
				CLANG_ENABLE_OBJC_WEAK = YES;
				CLANG_WARN_BLOCK_CAPTURE_AUTORELEASING = YES;
				CLANG_WARN_BOOL_CONVERSION = YES;
				CLANG_WARN_COMMA = YES;
				CLANG_WARN_CONSTANT_CONVERSION = YES;
				CLANG_WARN_DEPRECATED_OBJC_IMPLEMENTATIONS = YES;
				CLANG_WARN_DIRECT_OBJC_ISA_USAGE = YES_ERROR;
				CLANG_WARN_DOCUMENTATION_COMMENTS = YES;
				CLANG_WARN_EMPTY_BODY = YES;
				CLANG_WARN_ENUM_CONVERSION = YES;
				CLANG_WARN_INFINITE_RECURSION = YES;
				CLANG_WARN_INT_CONVERSION = YES;
				CLANG_WARN_NON_LITERAL_NULL_CONVERSION = YES;
				CLANG_WARN_OBJC_IMPLICIT_RETAIN_SELF = YES;
				CLANG_WARN_OBJC_LITERAL_CONVERSION = YES;
				CLANG_WARN_OBJC_ROOT_CLASS = YES_ERROR;
				CLANG_WARN_QUOTED_INCLUDE_IN_FRAMEWORK_HEADER = YES;
				CLANG_WARN_RANGE_LOOP_ANALYSIS = YES;
				CLANG_WARN_STRICT_PROTOTYPES = YES;
				CLANG_WARN_SUSPICIOUS_MOVE = YES;
				CLANG_WARN_UNGUARDED_AVAILABILITY = YES_AGGRESSIVE;
				CLANG_WARN_UNREACHABLE_CODE = YES;
				CLANG_WARN__DUPLICATE_METHOD_MATCH = YES;
				COPY_PHASE_STRIP = NO;
				DEBUG_INFORMATION_FORMAT = "dwarf-with-dsym";
				ENABLE_NS_ASSERTIONS = NO;
				ENABLE_STRICT_OBJC_MSGSEND = YES;
				ENABLE_USER_SCRIPT_SANDBOXING = YES;
				GCC_C_LANGUAGE_STANDARD = gnu17;
				GCC_NO_COMMON_BLOCKS = YES;
				GCC_WARN_64_TO_32_BIT_CONVERSION = YES;
				GCC_WARN_ABOUT_RETURN_TYPE = YES_ERROR;
				GCC_WARN_UNDECLARED_SELECTOR = YES;
				GCC_WARN_UNINITIALIZED_AUTOS = YES_AGGRESSIVE;
				GCC_WARN_UNUSED_FUNCTION = YES;
				GCC_WARN_UNUSED_VARIABLE = YES;
				IPHONEOS_DEPLOYMENT_TARGET = 26.2;
				LOCALIZATION_PREFERS_STRING_CATALOGS = YES;
				MTL_ENABLE_DEBUG_INFO = NO;
				MTL_FAST_MATH = YES;
				SDKROOT = iphoneos;
				SWIFT_COMPILATION_MODE = wholemodule;
				VALIDATE_PRODUCT = YES;
			};
			name = Release;
		};
		C12D748F2F3C319300DA997F /* Debug */ = {
			isa = XCBuildConfiguration;
			buildSettings = {
				ASSETCATALOG_COMPILER_APPICON_NAME = AppIcon;
				ASSETCATALOG_COMPILER_GLOBAL_ACCENT_COLOR_NAME = AccentColor;
				CODE_SIGN_STYLE = Automatic;
				CURRENT_PROJECT_VERSION = 1;
				DEVELOPMENT_TEAM = D4KBDHB3PT;
				ENABLE_PREVIEWS = YES;
				GENERATE_INFOPLIST_FILE = YES;
				INFOPLIST_FILE = MonitoringApp/Info.plist;
				INFOPLIST_KEY_NSBluetoothAlwaysUsageDescription = "This app uses Bluetooth to connect to heart rate monitors and display your heart rate data.";
				INFOPLIST_KEY_NSBluetoothPeripheralUsageDescription = "This app uses Bluetooth to connect to heart rate monitors and display your heart rate data.";
				INFOPLIST_KEY_UIApplicationSceneManifest_Generation = YES;
				INFOPLIST_KEY_UIApplicationSupportsIndirectInputEvents = YES;
				INFOPLIST_KEY_UILaunchScreen_Generation = YES;
				INFOPLIST_KEY_UISupportedInterfaceOrientations_iPad = "UIInterfaceOrientationPortrait UIInterfaceOrientationPortraitUpsideDown UIInterfaceOrientationLandscapeLeft UIInterfaceOrientationLandscapeRight";
				INFOPLIST_KEY_UISupportedInterfaceOrientations_iPhone = "UIInterfaceOrientationPortrait UIInterfaceOrientationLandscapeLeft UIInterfaceOrientationLandscapeRight";
				LD_RUNPATH_SEARCH_PATHS = (
					"$(inherited)",
					"@executable_path/Frameworks",
				);
				MARKETING_VERSION = 1.0;
				PRODUCT_BUNDLE_IDENTIFIER = jaimetar.MonitoringApp;
				PRODUCT_NAME = "$(TARGET_NAME)";
				STRING_CATALOG_GENERATE_SYMBOLS = YES;
				SWIFT_APPROACHABLE_CONCURRENCY = YES;
				SWIFT_DEFAULT_ACTOR_ISOLATION = MainActor;
				SWIFT_EMIT_LOC_STRINGS = YES;
				SWIFT_UPCOMING_FEATURE_MEMBER_IMPORT_VISIBILITY = YES;
				SWIFT_VERSION = 5.0;
				TARGETED_DEVICE_FAMILY = "1,2";
			};
			name = Debug;
		};
		C12D74902F3C319300DA997F /* Release */ = {
			isa = XCBuildConfiguration;
			buildSettings = {
				ASSETCATALOG_COMPILER_APPICON_NAME = AppIcon;
				ASSETCATALOG_COMPILER_GLOBAL_ACCENT_COLOR_NAME = AccentColor;
				CODE_SIGN_STYLE = Automatic;
				CURRENT_PROJECT_VERSION = 1;
				DEVELOPMENT_TEAM = D4KBDHB3PT;
				ENABLE_PREVIEWS = YES;
				GENERATE_INFOPLIST_FILE = YES;
				INFOPLIST_FILE = MonitoringApp/Info.plist;
				INFOPLIST_KEY_NSBluetoothAlwaysUsageDescription = "This app uses Bluetooth to connect to heart rate monitors and display your heart rate data.";
				INFOPLIST_KEY_NSBluetoothPeripheralUsageDescription = "This app uses Bluetooth to connect to heart rate monitors and display your heart rate data.";
				INFOPLIST_KEY_UIApplicationSceneManifest_Generation = YES;
				INFOPLIST_KEY_UIApplicationSupportsIndirectInputEvents = YES;
				INFOPLIST_KEY_UILaunchScreen_Generation = YES;
				INFOPLIST_KEY_UISupportedInterfaceOrientations_iPad = "UIInterfaceOrientationPortrait UIInterfaceOrientationPortraitUpsideDown UIInterfaceOrientationLandscapeLeft UIInterfaceOrientationLandscapeRight";
				INFOPLIST_KEY_UISupportedInterfaceOrientations_iPhone = "UIInterfaceOrientationPortrait UIInterfaceOrientationLandscapeLeft UIInterfaceOrientationLandscapeRight";
				LD_RUNPATH_SEARCH_PATHS = (
					"$(inherited)",
					"@executable_path/Frameworks",
				);
				MARKETING_VERSION = 1.0;
				PRODUCT_BUNDLE_IDENTIFIER = jaimetar.MonitoringApp;
				PRODUCT_NAME = "$(TARGET_NAME)";
				STRING_CATALOG_GENERATE_SYMBOLS = YES;
				SWIFT_APPROACHABLE_CONCURRENCY = YES;
				SWIFT_DEFAULT_ACTOR_ISOLATION = MainActor;
				SWIFT_EMIT_LOC_STRINGS = YES;
				SWIFT_UPCOMING_FEATURE_MEMBER_IMPORT_VISIBILITY = YES;
				SWIFT_VERSION = 5.0;
				TARGETED_DEVICE_FAMILY = "1,2";
			};
			name = Release;
		};
		C12D74922F3C319300DA997F /* Debug */ = {
			isa = XCBuildConfiguration;
			buildSettings = {
				BUNDLE_LOADER = "$(TEST_HOST)";
				CODE_SIGN_STYLE = Automatic;
				CURRENT_PROJECT_VERSION = 1;
				GENERATE_INFOPLIST_FILE = YES;
				IPHONEOS_DEPLOYMENT_TARGET = 26.2;
				MARKETING_VERSION = 1.0;
				PRODUCT_BUNDLE_IDENTIFIER = jaimetar.MonitoringAppTests;
				PRODUCT_NAME = "$(TARGET_NAME)";
				STRING_CATALOG_GENERATE_SYMBOLS = NO;
				SWIFT_APPROACHABLE_CONCURRENCY = YES;
				SWIFT_EMIT_LOC_STRINGS = NO;
				SWIFT_UPCOMING_FEATURE_MEMBER_IMPORT_VISIBILITY = YES;
				SWIFT_VERSION = 5.0;
				TARGETED_DEVICE_FAMILY = "1,2";
				TEST_HOST = "$(BUILT_PRODUCTS_DIR)/MonitoringApp.app/$(BUNDLE_EXECUTABLE_FOLDER_PATH)/MonitoringApp";
			};
			name = Debug;
		};
		C12D74932F3C319300DA997F /* Release */ = {
			isa = XCBuildConfiguration;
			buildSettings = {
				BUNDLE_LOADER = "$(TEST_HOST)";
				CODE_SIGN_STYLE = Automatic;
				CURRENT_PROJECT_VERSION = 1;
				GENERATE_INFOPLIST_FILE = YES;
				IPHONEOS_DEPLOYMENT_TARGET = 26.2;
				MARKETING_VERSION = 1.0;
				PRODUCT_BUNDLE_IDENTIFIER = jaimetar.MonitoringAppTests;
				PRODUCT_NAME = "$(TARGET_NAME)";
				STRING_CATALOG_GENERATE_SYMBOLS = NO;
				SWIFT_APPROACHABLE_CONCURRENCY = YES;
				SWIFT_EMIT_LOC_STRINGS = NO;
				SWIFT_UPCOMING_FEATURE_MEMBER_IMPORT_VISIBILITY = YES;
				SWIFT_VERSION = 5.0;
				TARGETED_DEVICE_FAMILY = "1,2";
				TEST_HOST = "$(BUILT_PRODUCTS_DIR)/MonitoringApp.app/$(BUNDLE_EXECUTABLE_FOLDER_PATH)/MonitoringApp";
			};
			name = Release;
		};
		C12D74952F3C319300DA997F /* Debug */ = {
			isa = XCBuildConfiguration;
			buildSettings = {
				CODE_SIGN_STYLE = Automatic;
				CURRENT_PROJECT_VERSION = 1;
				GENERATE_INFOPLIST_FILE = YES;
				MARKETING_VERSION = 1.0;
				PRODUCT_BUNDLE_IDENTIFIER = jaimetar.MonitoringAppUITests;
				PRODUCT_NAME = "$(TARGET_NAME)";
				STRING_CATALOG_GENERATE_SYMBOLS = NO;
				SWIFT_APPROACHABLE_CONCURRENCY = YES;
				SWIFT_EMIT_LOC_STRINGS = NO;
				SWIFT_UPCOMING_FEATURE_MEMBER_IMPORT_VISIBILITY = YES;
				SWIFT_VERSION = 5.0;
				TARGETED_DEVICE_FAMILY = "1,2";
				TEST_TARGET_NAME = MonitoringApp;
			};
			name = Debug;
		};
		C12D74962F3C319300DA997F /* Release */ = {
			isa = XCBuildConfiguration;
			buildSettings = {
				CODE_SIGN_STYLE = Automatic;
				CURRENT_PROJECT_VERSION = 1;
				GENERATE_INFOPLIST_FILE = YES;
				MARKETING_VERSION = 1.0;
				PRODUCT_BUNDLE_IDENTIFIER = jaimetar.MonitoringAppUITests;
				PRODUCT_NAME = "$(TARGET_NAME)";
				STRING_CATALOG_GENERATE_SYMBOLS = NO;
				SWIFT_APPROACHABLE_CONCURRENCY = YES;
				SWIFT_EMIT_LOC_STRINGS = NO;
				SWIFT_UPCOMING_FEATURE_MEMBER_IMPORT_VISIBILITY = YES;
				SWIFT_VERSION = 5.0;
				TARGETED_DEVICE_FAMILY = "1,2";
				TEST_TARGET_NAME = MonitoringApp;
			};
			name = Release;
		};
/* End XCBuildConfiguration section */

/* Begin XCConfigurationList section */
		C12D74682F3C319200DA997F /* Build configuration list for PBXProject "MonitoringApp" */ = {
			isa = XCConfigurationList;
			buildConfigurations = (
				C12D748C2F3C319300DA997F /* Debug */,
				C12D748D2F3C319300DA997F /* Release */,
			);
			defaultConfigurationIsVisible = 0;
			defaultConfigurationName = Release;
		};
		C12D748E2F3C319300DA997F /* Build configuration list for PBXNativeTarget "MonitoringApp" */ = {
			isa = XCConfigurationList;
			buildConfigurations = (
				C12D748F2F3C319300DA997F /* Debug */,
				C12D74902F3C319300DA997F /* Release */,
			);
			defaultConfigurationIsVisible = 0;
			defaultConfigurationName = Release;
		};
		C12D74912F3C319300DA997F /* Build configuration list for PBXNativeTarget "MonitoringAppTests" */ = {
			isa = XCConfigurationList;
			buildConfigurations = (
				C12D74922F3C319300DA997F /* Debug */,
				C12D74932F3C319300DA997F /* Release */,
			);
			defaultConfigurationIsVisible = 0;
			defaultConfigurationName = Release;
		};
		C12D74942F3C319300DA997F /* Build configuration list for PBXNativeTarget "MonitoringAppUITests" */ = {
			isa = XCConfigurationList;
			buildConfigurations = (
				C12D74952F3C319300DA997F /* Debug */,
				C12D74962F3C319300DA997F /* Release */,
			);
			defaultConfigurationIsVisible = 0;
			defaultConfigurationName = Release;
		};
/* End XCConfigurationList section */

/* Begin XCRemoteSwiftPackageReference section */
		C147B3012F57BEDA00BDB830 /* XCRemoteSwiftPackageReference "SwiftCheck" */ = {
			isa = XCRemoteSwiftPackageReference;
			repositoryURL = "https://github.com/typelift/SwiftCheck";
			requirement = {
				kind = upToNextMajorVersion;
				minimumVersion = 0.12.0;
			};
		};
		C1567AAF2F3E94740047BDE7 /* XCRemoteSwiftPackageReference "supabase-swift" */ = {
			isa = XCRemoteSwiftPackageReference;
			repositoryURL = "https://github.com/supabase/supabase-swift";
			requirement = {
				kind = upToNextMajorVersion;
				minimumVersion = 2.5.1;
			};
		};
/* End XCRemoteSwiftPackageReference section */

/* Begin XCSwiftPackageProductDependency section */
		C147B3022F57BEDA00BDB830 /* SwiftCheck */ = {
			isa = XCSwiftPackageProductDependency;
			package = C147B3012F57BEDA00BDB830 /* XCRemoteSwiftPackageReference "SwiftCheck" */;
			productName = SwiftCheck;
		};
		C1567AB02F3E94740047BDE7 /* Supabase */ = {
			isa = XCSwiftPackageProductDependency;
			package = C1567AAF2F3E94740047BDE7 /* XCRemoteSwiftPackageReference "supabase-swift" */;
			productName = Supabase;
		};
/* End XCSwiftPackageProductDependency section */
	};
	rootObject = C12D74652F3C319200DA997F /* Project object */;
}
